
Microsoft Visual Studio Solution File, Format Version 12.00
# Visual Studio Version 17
VisualStudioVersion = 17.9.34622.214
MinimumVisualStudioVersion = 10.0.40219.1
Project("{FAE04EC0-301F-11D3-BF4B-00C04F79EFBC}") = "Car_Racing_Game_WPF_MOO_ICT", "Car_Racing_Game_WPF_MOO_ICT.csproj", "{37B5F286-27BB-471C-9213-DB0943E25FD0}"
EndProject
Global
	GlobalSection(SolutionConfigurationPlatforms) = preSolution
		Debug|Any CPU = Debug|Any CPU
		Release|Any CPU = Release|Any CPU
	EndGlobalSection
	GlobalSection(ProjectConfigurationPlatforms) = postSolution
		{37B5F286-27BB-471C-9213-DB0943E25FD0}.Debug|Any CPU.ActiveCfg = Debug|Any CPU
		{37B5F286-27BB-471C-9213-DB0943E25FD0}.Debug|Any CPU.Build.0 = Debug|Any CPU
		{37B5F286-27BB-471C-9213-DB0943E25FD0}.Release|Any CPU.ActiveCfg = Release|Any CPU
		{37B5F286-27BB-471C-9213-DB0943E25FD0}.Release|Any CPU.Build.0 = Release|Any CPU
	EndGlobalSection
	GlobalSection(SolutionProperties) = preSolution
		HideSolutionNode = FALSE
	EndGlobalSection
	GlobalSection(ExtensibilityGlobals) = postSolution
		SolutionGuid = {02236C73-BE76-4B72-A639-9484F76A21A2}
	EndGlobalSection
EndGlobal
