
Microsoft Visual Studio Solution File, Format Version 12.00
# Visual Studio Version 17
VisualStudioVersion = 17.9.34622.214
MinimumVisualStudioVersion = 10.0.40219.1
Project("{FAE04EC0-301F-11D3-BF4B-00C04F79EFBC}") = "Car_Racing_Game", "Car_Racing_Game.csproj", "{07AEDE09-28F4-4EFB-8D3C-4FB4A4CE3D04}"
EndProject
Global
	GlobalSection(SolutionConfigurationPlatforms) = preSolution
		Debug|Any CPU = Debug|Any CPU
		Release|Any CPU = Release|Any CPU
	EndGlobalSection
	GlobalSection(ProjectConfigurationPlatforms) = postSolution
		{07AEDE09-28F4-4EFB-8D3C-4FB4A4CE3D04}.Debug|Any CPU.ActiveCfg = Debug|Any CPU
		{07AEDE09-28F4-4EFB-8D3C-4FB4A4CE3D04}.Debug|Any CPU.Build.0 = Debug|Any CPU
		{07AEDE09-28F4-4EFB-8D3C-4FB4A4CE3D04}.Release|Any CPU.ActiveCfg = Release|Any CPU
		{07AEDE09-28F4-4EFB-8D3C-4FB4A4CE3D04}.Release|Any CPU.Build.0 = Release|Any CPU
	EndGlobalSection
	GlobalSection(SolutionProperties) = preSolution
		HideSolutionNode = FALSE
	EndGlobalSection
	GlobalSection(ExtensibilityGlobals) = postSolution
		SolutionGuid = {A9BAB721-65F4-4377-9FE5-DB650B1A9E70}
	EndGlobalSection
EndGlobal
